
Microsoft Visual Studio Solution File, Format Version 12.00
# Visual Studio Version 16
VisualStudioVersion = 16.0.29503.13
MinimumVisualStudioVersion = 10.0.40219.1
Project("{FAE04EC0-301F-11D3-BF4B-00C04F79EFBC}") = "TigerSpike_SeleniumWebdriver_Demo", "TigerSpike_SeleniumWebdriver_Demo.csproj", "{44205D33-CA42-4717-BD3C-4E17BF24CEF4}"
EndProject
Global
	GlobalSection(SolutionConfigurationPlatforms) = preSolution
		Debug|Any CPU = Debug|Any CPU
		Release|Any CPU = Release|Any CPU
	EndGlobalSection
	GlobalSection(ProjectConfigurationPlatforms) = postSolution
		{44205D33-CA42-4717-BD3C-4E17BF24CEF4}.Debug|Any CPU.ActiveCfg = Debug|Any CPU
		{44205D33-CA42-4717-BD3C-4E17BF24CEF4}.Debug|Any CPU.Build.0 = Debug|Any CPU
		{44205D33-CA42-4717-BD3C-4E17BF24CEF4}.Release|Any CPU.ActiveCfg = Release|Any CPU
		{44205D33-CA42-4717-BD3C-4E17BF24CEF4}.Release|Any CPU.Build.0 = Release|Any CPU
	EndGlobalSection
	GlobalSection(SolutionProperties) = preSolution
		HideSolutionNode = FALSE
	EndGlobalSection
	GlobalSection(ExtensibilityGlobals) = postSolution
		SolutionGuid = {13B0B020-FA75-4AA3-AAA2-8357C4432119}
	EndGlobalSection
EndGlobal
